
Microsoft Visual Studio Solution File, Format Version 12.00
# Visual Studio Version 17
VisualStudioVersion = 17.11.35327.3
MinimumVisualStudioVersion = 10.0.40219.1
Project("{9A19103F-16F7-4668-BE54-9A1E7A4F7556}") = "BomberUtility", "BomberUtility\BomberUtility.csproj", "{36B8B1D7-8EC7-4146-B726-654D726C5D8B}"
EndProject
Project("{9A19103F-16F7-4668-BE54-9A1E7A4F7556}") = "HttpBus", "HttpBus\HttpBus.csproj", "{371C9EB7-E813-47C0-94F2-4B6A5AA2ED14}"
EndProject
Project("{9A19103F-16F7-4668-BE54-9A1E7A4F7556}") = "TestServer", "TestServer\TestServer.csproj", "{51FB0454-4525-4971-85B4-14B6865230B1}"
EndProject
Global
	GlobalSection(SolutionConfigurationPlatforms) = preSolution
		Debug|Any CPU = Debug|Any CPU
		Release|Any CPU = Release|Any CPU
	EndGlobalSection
	GlobalSection(ProjectConfigurationPlatforms) = postSolution
		{36B8B1D7-8EC7-4146-B726-654D726C5D8B}.Debug|Any CPU.ActiveCfg = Debug|Any CPU
		{36B8B1D7-8EC7-4146-B726-654D726C5D8B}.Debug|Any CPU.Build.0 = Debug|Any CPU
		{36B8B1D7-8EC7-4146-B726-654D726C5D8B}.Release|Any CPU.ActiveCfg = Release|Any CPU
		{36B8B1D7-8EC7-4146-B726-654D726C5D8B}.Release|Any CPU.Build.0 = Release|Any CPU
		{371C9EB7-E813-47C0-94F2-4B6A5AA2ED14}.Debug|Any CPU.ActiveCfg = Debug|Any CPU
		{371C9EB7-E813-47C0-94F2-4B6A5AA2ED14}.Debug|Any CPU.Build.0 = Debug|Any CPU
		{371C9EB7-E813-47C0-94F2-4B6A5AA2ED14}.Release|Any CPU.ActiveCfg = Release|Any CPU
		{371C9EB7-E813-47C0-94F2-4B6A5AA2ED14}.Release|Any CPU.Build.0 = Release|Any CPU
		{51FB0454-4525-4971-85B4-14B6865230B1}.Debug|Any CPU.ActiveCfg = Debug|Any CPU
		{51FB0454-4525-4971-85B4-14B6865230B1}.Debug|Any CPU.Build.0 = Debug|Any CPU
		{51FB0454-4525-4971-85B4-14B6865230B1}.Release|Any CPU.ActiveCfg = Release|Any CPU
		{51FB0454-4525-4971-85B4-14B6865230B1}.Release|Any CPU.Build.0 = Release|Any CPU
	EndGlobalSection
	GlobalSection(SolutionProperties) = preSolution
		HideSolutionNode = FALSE
	EndGlobalSection
	GlobalSection(ExtensibilityGlobals) = postSolution
		SolutionGuid = {A9BCC7AE-9F1C-449B-82E4-7BAD615801B8}
	EndGlobalSection
EndGlobal
